
Microsoft Visual Studio Solution File, Format Version 12.00
# Visual Studio 2013
VisualStudioVersion = 12.0.30501.0
MinimumVisualStudioVersion = 10.0.40219.1
Project("{FAE04EC0-301F-11D3-BF4B-00C04F79EFBC}") = "ProductieSysteemBuild2", "ProductieSysteemBuild2\ProductieSysteemBuild2.csproj", "{C0C7D48F-B3ED-4A68-8F13-D8907B2FA4DB}"
EndProject
Global
	GlobalSection(SolutionConfigurationPlatforms) = preSolution
		Debug|Any CPU = Debug|Any CPU
		Release|Any CPU = Release|Any CPU
	EndGlobalSection
	GlobalSection(ProjectConfigurationPlatforms) = postSolution
		{C0C7D48F-B3ED-4A68-8F13-D8907B2FA4DB}.Debug|Any CPU.ActiveCfg = Debug|Any CPU
		{C0C7D48F-B3ED-4A68-8F13-D8907B2FA4DB}.Debug|Any CPU.Build.0 = Debug|Any CPU
		{C0C7D48F-B3ED-4A68-8F13-D8907B2FA4DB}.Release|Any CPU.ActiveCfg = Release|Any CPU
		{C0C7D48F-B3ED-4A68-8F13-D8907B2FA4DB}.Release|Any CPU.Build.0 = Release|Any CPU
	EndGlobalSection
	GlobalSection(SolutionProperties) = preSolution
		HideSolutionNode = FALSE
	EndGlobalSection
EndGlobal
